// !$*UTF8*$!
{
	archiveVersion = 1;
	classes = {
	};
	objectVersion = 48;
	objects = {

/* Begin PBXBuildFile section */
		7ECF69CF207D3F2A009B144E /* main.m in Sources */ = {isa = PBXBuildFile; fileRef = 7ECF69CE207D3F2A009B144E /* main.m */; };
		7ECF69D7207D47F5009B144E /* Questions.m in Sources */ = {isa = PBXBuildFile; fileRef = 7ECF69D6207D47F5009B144E /* Questions.m */; };
		7ECF69DA207D6A09009B144E /* InputHandler.m in Sources */ = {isa = PBXBuildFile; fileRef = 7ECF69D9207D6A09009B144E /* InputHandler.m */; };
		7ECF69DD207D7DEE009B144E /* ScoreKeeper.m in Sources */ = {isa = PBXBuildFile; fileRef = 7ECF69DC207D7DEE009B144E /* ScoreKeeper.m */; };
		7ECF69FC207E8AB1009B144E /* QuestionManager.m in Sources */ = {isa = PBXBuildFile; fileRef = 7ECF69FB207E8AB1009B144E /* QuestionManager.m */; };
		7ECF6A02207EA6CA009B144E /* AdditionQuestion.m in Sources */ = {isa = PBXBuildFile; fileRef = 7ECF6A01207EA6CA009B144E /* AdditionQuestion.m */; };
		7ECF6A05207EA6D6009B144E /* SubtractionQuestion.m in Sources */ = {isa = PBXBuildFile; fileRef = 7ECF6A04207EA6D6009B144E /* SubtractionQuestion.m */; };
		7ECF6A08207EA727009B144E /* MultiplicationQuestion.m in Sources */ = {isa = PBXBuildFile; fileRef = 7ECF6A07207EA727009B144E /* MultiplicationQuestion.m */; };
		7ECF6A0B207EA731009B144E /* DivisionQuestion.m in Sources */ = {isa = PBXBuildFile; fileRef = 7ECF6A0A207EA731009B144E /* DivisionQuestion.m */; };
		7ECF6A0E207EB092009B144E /* QuestionFactory.m in Sources */ = {isa = PBXBuildFile; fileRef = 7ECF6A0D207EB092009B144E /* QuestionFactory.m */; };
/* End PBXBuildFile section */

/* Begin PBXCopyFilesBuildPhase section */
		7ECF69C9207D3F2A009B144E /* CopyFiles */ = {
			isa = PBXCopyFilesBuildPhase;
			buildActionMask = 2147483647;
			dstPath = /usr/share/man/man1/;
			dstSubfolderSpec = 0;
			files = (
			);
			runOnlyForDeploymentPostprocessing = 1;
		};
/* End PBXCopyFilesBuildPhase section */

/* Begin PBXFileReference section */
		7ECF69CB207D3F2A009B144E /* Maths */ = {isa = PBXFileReference; explicitFileType = "compiled.mach-o.executable"; includeInIndex = 0; path = Maths; sourceTree = BUILT_PRODUCTS_DIR; };
		7ECF69CE207D3F2A009B144E /* main.m */ = {isa = PBXFileReference; lastKnownFileType = sourcecode.c.objc; path = main.m; sourceTree = "<group>"; };
		7ECF69D5207D47F5009B144E /* Questions.h */ = {isa = PBXFileReference; lastKnownFileType = sourcecode.c.h; path = Questions.h; sourceTree = "<group>"; };
		7ECF69D6207D47F5009B144E /* Questions.m */ = {isa = PBXFileReference; lastKnownFileType = sourcecode.c.objc; path = Questions.m; sourceTree = "<group>"; };
		7ECF69D8207D6A09009B144E /* InputHandler.h */ = {isa = PBXFileReference; lastKnownFileType = sourcecode.c.h; path = InputHandler.h; sourceTree = "<group>"; };
		7ECF69D9207D6A09009B144E /* InputHandler.m */ = {isa = PBXFileReference; lastKnownFileType = sourcecode.c.objc; path = InputHandler.m; sourceTree = "<group>"; };
		7ECF69DB207D7DEE009B144E /* ScoreKeeper.h */ = {isa = PBXFileReference; lastKnownFileType = sourcecode.c.h; path = ScoreKeeper.h; sourceTree = "<group>"; };
		7ECF69DC207D7DEE009B144E /* ScoreKeeper.m */ = {isa = PBXFileReference; lastKnownFileType = sourcecode.c.objc; path = ScoreKeeper.m; sourceTree = "<group>"; };
		7ECF69FA207E8AB1009B144E /* QuestionManager.h */ = {isa = PBXFileReference; lastKnownFileType = sourcecode.c.h; path = QuestionManager.h; sourceTree = "<group>"; };
		7ECF69FB207E8AB1009B144E /* QuestionManager.m */ = {isa = PBXFileReference; lastKnownFileType = sourcecode.c.objc; path = QuestionManager.m; sourceTree = "<group>"; };
		7ECF6A00207EA6CA009B144E /* AdditionQuestion.h */ = {isa = PBXFileReference; lastKnownFileType = sourcecode.c.h; path = AdditionQuestion.h; sourceTree = "<group>"; };
		7ECF6A01207EA6CA009B144E /* AdditionQuestion.m */ = {isa = PBXFileReference; lastKnownFileType = sourcecode.c.objc; path = AdditionQuestion.m; sourceTree = "<group>"; };
		7ECF6A03207EA6D6009B144E /* SubtractionQuestion.h */ = {isa = PBXFileReference; lastKnownFileType = sourcecode.c.h; path = SubtractionQuestion.h; sourceTree = "<group>"; };
		7ECF6A04207EA6D6009B144E /* SubtractionQuestion.m */ = {isa = PBXFileReference; lastKnownFileType = sourcecode.c.objc; path = SubtractionQuestion.m; sourceTree = "<group>"; };
		7ECF6A06207EA727009B144E /* MultiplicationQuestion.h */ = {isa = PBXFileReference; lastKnownFileType = sourcecode.c.h; path = MultiplicationQuestion.h; sourceTree = "<group>"; };
		7ECF6A07207EA727009B144E /* MultiplicationQuestion.m */ = {isa = PBXFileReference; lastKnownFileType = sourcecode.c.objc; path = MultiplicationQuestion.m; sourceTree = "<group>"; };
		7ECF6A09207EA731009B144E /* DivisionQuestion.h */ = {isa = PBXFileReference; lastKnownFileType = sourcecode.c.h; path = DivisionQuestion.h; sourceTree = "<group>"; };
		7ECF6A0A207EA731009B144E /* DivisionQuestion.m */ = {isa = PBXFileReference; lastKnownFileType = sourcecode.c.objc; path = DivisionQuestion.m; sourceTree = "<group>"; };
		7ECF6A0C207EB092009B144E /* QuestionFactory.h */ = {isa = PBXFileReference; lastKnownFileType = sourcecode.c.h; path = QuestionFactory.h; sourceTree = "<group>"; };
		7ECF6A0D207EB092009B144E /* QuestionFactory.m */ = {isa = PBXFileReference; lastKnownFileType = sourcecode.c.objc; path = QuestionFactory.m; sourceTree = "<group>"; };
/* End PBXFileReference section */

/* Begin PBXFrameworksBuildPhase section */
		7ECF69C8207D3F2A009B144E /* Frameworks */ = {
			isa = PBXFrameworksBuildPhase;
			buildActionMask = 2147483647;
			files = (
			);
			runOnlyForDeploymentPostprocessing = 0;
		};
/* End PBXFrameworksBuildPhase section */

/* Begin PBXGroup section */
		7ECF69C2207D3F2A009B144E = {
			isa = PBXGroup;
			children = (
				7ECF69CD207D3F2A009B144E /* Maths */,
				7ECF69CC207D3F2A009B144E /* Products */,
			);
			sourceTree = "<group>";
		};
		7ECF69CC207D3F2A009B144E /* Products */ = {
			isa = PBXGroup;
			children = (
				7ECF69CB207D3F2A009B144E /* Maths */,
			);
			name = Products;
			sourceTree = "<group>";
		};
		7ECF69CD207D3F2A009B144E /* Maths */ = {
			isa = PBXGroup;
			children = (
				7ECF69CE207D3F2A009B144E /* main.m */,
				7ECF6A0C207EB092009B144E /* QuestionFactory.h */,
				7ECF6A0D207EB092009B144E /* QuestionFactory.m */,
				7ECF69FA207E8AB1009B144E /* QuestionManager.h */,
				7ECF69FB207E8AB1009B144E /* QuestionManager.m */,
				7ECF69DB207D7DEE009B144E /* ScoreKeeper.h */,
				7ECF69DC207D7DEE009B144E /* ScoreKeeper.m */,
				7ECF69D8207D6A09009B144E /* InputHandler.h */,
				7ECF69D9207D6A09009B144E /* InputHandler.m */,
				7ECF69D5207D47F5009B144E /* Questions.h */,
				7ECF69D6207D47F5009B144E /* Questions.m */,
				7ECF6A00207EA6CA009B144E /* AdditionQuestion.h */,
				7ECF6A01207EA6CA009B144E /* AdditionQuestion.m */,
				7ECF6A03207EA6D6009B144E /* SubtractionQuestion.h */,
				7ECF6A04207EA6D6009B144E /* SubtractionQuestion.m */,
				7ECF6A06207EA727009B144E /* MultiplicationQuestion.h */,
				7ECF6A07207EA727009B144E /* MultiplicationQuestion.m */,
				7ECF6A09207EA731009B144E /* DivisionQuestion.h */,
				7ECF6A0A207EA731009B144E /* DivisionQuestion.m */,
			);
			path = Maths;
			sourceTree = "<group>";
		};
/* End PBXGroup section */

/* Begin PBXNativeTarget section */
		7ECF69CA207D3F2A009B144E /* Maths */ = {
			isa = PBXNativeTarget;
			buildConfigurationList = 7ECF69D2207D3F2A009B144E /* Build configuration list for PBXNativeTarget "Maths" */;
			buildPhases = (
				7ECF69C7207D3F2A009B144E /* Sources */,
				7ECF69C8207D3F2A009B144E /* Frameworks */,
				7ECF69C9207D3F2A009B144E /* CopyFiles */,
			);
			buildRules = (
			);
			dependencies = (
			);
			name = Maths;
			productName = Maths;
			productReference = 7ECF69CB207D3F2A009B144E /* Maths */;
			productType = "com.apple.product-type.tool";
		};
/* End PBXNativeTarget section */

/* Begin PBXProject section */
		7ECF69C3207D3F2A009B144E /* Project object */ = {
			isa = PBXProject;
			attributes = {
				LastUpgradeCheck = 0920;
				ORGANIZATIONNAME = "Tyler Boudreau";
				TargetAttributes = {
					7ECF69CA207D3F2A009B144E = {
						CreatedOnToolsVersion = 9.2;
						ProvisioningStyle = Automatic;
					};
				};
			};
			buildConfigurationList = 7ECF69C6207D3F2A009B144E /* Build configuration list for PBXProject "Maths" */;
			compatibilityVersion = "Xcode 8.0";
			developmentRegion = en;
			hasScannedForEncodings = 0;
			knownRegions = (
				en,
			);
			mainGroup = 7ECF69C2207D3F2A009B144E;
			productRefGroup = 7ECF69CC207D3F2A009B144E /* Products */;
			projectDirPath = "";
			projectRoot = "";
			targets = (
				7ECF69CA207D3F2A009B144E /* Maths */,
			);
		};
/* End PBXProject section */

/* Begin PBXSourcesBuildPhase section */
		7ECF69C7207D3F2A009B144E /* Sources */ = {
			isa = PBXSourcesBuildPhase;
			buildActionMask = 2147483647;
			files = (
				7ECF69FC207E8AB1009B144E /* QuestionManager.m in Sources */,
				7ECF6A08207EA727009B144E /* MultiplicationQuestion.m in Sources */,
				7ECF6A02207EA6CA009B144E /* AdditionQuestion.m in Sources */,
				7ECF6A05207EA6D6009B144E /* SubtractionQuestion.m in Sources */,
				7ECF69DD207D7DEE009B144E /* ScoreKeeper.m in Sources */,
				7ECF69CF207D3F2A009B144E /* main.m in Sources */,
				7ECF6A0B207EA731009B144E /* DivisionQuestion.m in Sources */,
				7ECF69DA207D6A09009B144E /* InputHandler.m in Sources */,
				7ECF6A0E207EB092009B144E /* QuestionFactory.m in Sources */,
				7ECF69D7207D47F5009B144E /* Questions.m in Sources */,
			);
			runOnlyForDeploymentPostprocessing = 0;
		};
/* End PBXSourcesBuildPhase section */

/* Begin XCBuildConfiguration section */
		7ECF69D0207D3F2A009B144E /* Debug */ = {
			isa = XCBuildConfiguration;
			buildSettings = {
				ALWAYS_SEARCH_USER_PATHS = NO;
				CLANG_ANALYZER_NONNULL = YES;
				CLANG_ANALYZER_NUMBER_OBJECT_CONVERSION = YES_AGGRESSIVE;
				CLANG_CXX_LANGUAGE_STANDARD = "gnu++14";
				CLANG_CXX_LIBRARY = "libc++";
				CLANG_ENABLE_MODULES = YES;
				CLANG_ENABLE_OBJC_ARC = YES;
				CLANG_WARN_BLOCK_CAPTURE_AUTORELEASING = YES;
				CLANG_WARN_BOOL_CONVERSION = YES;
				CLANG_WARN_COMMA = YES;
				CLANG_WARN_CONSTANT_CONVERSION = YES;
				CLANG_WARN_DIRECT_OBJC_ISA_USAGE = YES_ERROR;
				CLANG_WARN_DOCUMENTATION_COMMENTS = YES;
				CLANG_WARN_EMPTY_BODY = YES;
				CLANG_WARN_ENUM_CONVERSION = YES;
				CLANG_WARN_INFINITE_RECURSION = YES;
				CLANG_WARN_INT_CONVERSION = YES;
				CLANG_WARN_NON_LITERAL_NULL_CONVERSION = YES;
				CLANG_WARN_OBJC_LITERAL_CONVERSION = YES;
				CLANG_WARN_OBJC_ROOT_CLASS = YES_ERROR;
				CLANG_WARN_RANGE_LOOP_ANALYSIS = YES;
				CLANG_WARN_STRICT_PROTOTYPES = YES;
				CLANG_WARN_SUSPICIOUS_MOVE = YES;
				CLANG_WARN_UNGUARDED_AVAILABILITY = YES_AGGRESSIVE;
				CLANG_WARN_UNREACHABLE_CODE = YES;
				CLANG_WARN__DUPLICATE_METHOD_MATCH = YES;
				CODE_SIGN_IDENTITY = "-";
				COPY_PHASE_STRIP = NO;
				DEBUG_INFORMATION_FORMAT = dwarf;
				ENABLE_STRICT_OBJC_MSGSEND = YES;
				ENABLE_TESTABILITY = YES;
				GCC_C_LANGUAGE_STANDARD = gnu11;
				GCC_DYNAMIC_NO_PIC = NO;
				GCC_NO_COMMON_BLOCKS = YES;
				GCC_OPTIMIZATION_LEVEL = 0;
				GCC_PREPROCESSOR_DEFINITIONS = (
					"DEBUG=1",
					"$(inherited)",
				);
				GCC_WARN_64_TO_32_BIT_CONVERSION = YES;
				GCC_WARN_ABOUT_RETURN_TYPE = YES_ERROR;
				GCC_WARN_UNDECLARED_SELECTOR = YES;
				GCC_WARN_UNINITIALIZED_AUTOS = YES_AGGRESSIVE;
				GCC_WARN_UNUSED_FUNCTION = YES;
				GCC_WARN_UNUSED_VARIABLE = YES;
				MACOSX_DEPLOYMENT_TARGET = 10.13;
				MTL_ENABLE_DEBUG_INFO = YES;
				ONLY_ACTIVE_ARCH = YES;
				SDKROOT = macosx;
			};
			name = Debug;
		};
		7ECF69D1207D3F2A009B144E /* Release */ = {
			isa = XCBuildConfiguration;
			buildSettings = {
				ALWAYS_SEARCH_USER_PATHS = NO;
				CLANG_ANALYZER_NONNULL = YES;
				CLANG_ANALYZER_NUMBER_OBJECT_CONVERSION = YES_AGGRESSIVE;
				CLANG_CXX_LANGUAGE_STANDARD = "gnu++14";
				CLANG_CXX_LIBRARY = "libc++";
				CLANG_ENABLE_MODULES = YES;
				CLANG_ENABLE_OBJC_ARC = YES;
				CLANG_WARN_BLOCK_CAPTURE_AUTORELEASING = YES;
				CLANG_WARN_BOOL_CONVERSION = YES;
				CLANG_WARN_COMMA = YES;
				CLANG_WARN_CONSTANT_CONVERSION = YES;
				CLANG_WARN_DIRECT_OBJC_ISA_USAGE = YES_ERROR;
				CLANG_WARN_DOCUMENTATION_COMMENTS = YES;
				CLANG_WARN_EMPTY_BODY = YES;
				CLANG_WARN_ENUM_CONVERSION = YES;
				CLANG_WARN_INFINITE_RECURSION = YES;
				CLANG_WARN_INT_CONVERSION = YES;
				CLANG_WARN_NON_LITERAL_NULL_CONVERSION = YES;
				CLANG_WARN_OBJC_LITERAL_CONVERSION = YES;
				CLANG_WARN_OBJC_ROOT_CLASS = YES_ERROR;
				CLANG_WARN_RANGE_LOOP_ANALYSIS = YES;
				CLANG_WARN_STRICT_PROTOTYPES = YES;
				CLANG_WARN_SUSPICIOUS_MOVE = YES;
				CLANG_WARN_UNGUARDED_AVAILABILITY = YES_AGGRESSIVE;
				CLANG_WARN_UNREACHABLE_CODE = YES;
				CLANG_WARN__DUPLICATE_METHOD_MATCH = YES;
				CODE_SIGN_IDENTITY = "-";
				COPY_PHASE_STRIP = NO;
				DEBUG_INFORMATION_FORMAT = "dwarf-with-dsym";
				ENABLE_NS_ASSERTIONS = NO;
				ENABLE_STRICT_OBJC_MSGSEND = YES;
				GCC_C_LANGUAGE_STANDARD = gnu11;
				GCC_NO_COMMON_BLOCKS = YES;
				GCC_WARN_64_TO_32_BIT_CONVERSION = YES;
				GCC_WARN_ABOUT_RETURN_TYPE = YES_ERROR;
				GCC_WARN_UNDECLARED_SELECTOR = YES;
				GCC_WARN_UNINITIALIZED_AUTOS = YES_AGGRESSIVE;
				GCC_WARN_UNUSED_FUNCTION = YES;
				GCC_WARN_UNUSED_VARIABLE = YES;
				MACOSX_DEPLOYMENT_TARGET = 10.13;
				MTL_ENABLE_DEBUG_INFO = NO;
				SDKROOT = macosx;
			};
			name = Release;
		};
		7ECF69D3207D3F2A009B144E /* Debug */ = {
			isa = XCBuildConfiguration;
			buildSettings = {
				CODE_SIGN_STYLE = Automatic;
				PRODUCT_NAME = "$(TARGET_NAME)";
			};
			name = Debug;
		};
		7ECF69D4207D3F2A009B144E /* Release */ = {
			isa = XCBuildConfiguration;
			buildSettings = {
				CODE_SIGN_STYLE = Automatic;
				PRODUCT_NAME = "$(TARGET_NAME)";
			};
			name = Release;
		};
/* End XCBuildConfiguration section */

/* Begin XCConfigurationList section */
		7ECF69C6207D3F2A009B144E /* Build configuration list for PBXProject "Maths" */ = {
			isa = XCConfigurationList;
			buildConfigurations = (
				7ECF69D0207D3F2A009B144E /* Debug */,
				7ECF69D1207D3F2A009B144E /* Release */,
			);
			defaultConfigurationIsVisible = 0;
			defaultConfigurationName = Release;
		};
		7ECF69D2207D3F2A009B144E /* Build configuration list for PBXNativeTarget "Maths" */ = {
			isa = XCConfigurationList;
			buildConfigurations = (
				7ECF69D3207D3F2A009B144E /* Debug */,
				7ECF69D4207D3F2A009B144E /* Release */,
			);
			defaultConfigurationIsVisible = 0;
			defaultConfigurationName = Release;
		};
/* End XCConfigurationList section */
	};
	rootObject = 7ECF69C3207D3F2A009B144E /* Project object */;
}
